
Microsoft Visual Studio Solution File, Format Version 12.00
# Visual Studio 15
VisualStudioVersion = 15.0.26014.0
MinimumVisualStudioVersion = 10.0.40219.1
Project("{2150E333-8FDC-42A3-9474-1A3956D46DE8}") = "src", "src", "{599448E5-ED3D-44C2-93DA-46650CE8B1CC}"
EndProject
Project("{2150E333-8FDC-42A3-9474-1A3956D46DE8}") = "Solution Items", "Solution Items", "{14F7F195-ABA8-42B3-9C78-B4B6B7F13DB6}"
	ProjectSection(SolutionItems) = preProject
		global.json = global.json
		..\README.md = ..\README.md
	EndProjectSection
EndProject
Project("{9A19103F-16F7-4668-BE54-9A1E7A4F7556}") = "Angular2AutoSaveCommands", "src\Angular2AutoSaveCommands\Angular2AutoSaveCommands.csproj", "{7F4F409C-6C33-4E6E-9194-6CDDF29DD48A}"
EndProject
Global
	GlobalSection(SolutionConfigurationPlatforms) = preSolution
		Debug|Any CPU = Debug|Any CPU
		Debug|x64 = Debug|x64
		Debug|x86 = Debug|x86
		Release|Any CPU = Release|Any CPU
		Release|x64 = Release|x64
		Release|x86 = Release|x86
	EndGlobalSection
	GlobalSection(ProjectConfigurationPlatforms) = postSolution
		{7F4F409C-6C33-4E6E-9194-6CDDF29DD48A}.Debug|Any CPU.ActiveCfg = Debug|Any CPU
		{7F4F409C-6C33-4E6E-9194-6CDDF29DD48A}.Debug|Any CPU.Build.0 = Debug|Any CPU
		{7F4F409C-6C33-4E6E-9194-6CDDF29DD48A}.Debug|x64.ActiveCfg = Debug|x64
		{7F4F409C-6C33-4E6E-9194-6CDDF29DD48A}.Debug|x64.Build.0 = Debug|x64
		{7F4F409C-6C33-4E6E-9194-6CDDF29DD48A}.Debug|x86.ActiveCfg = Debug|x86
		{7F4F409C-6C33-4E6E-9194-6CDDF29DD48A}.Debug|x86.Build.0 = Debug|x86
		{7F4F409C-6C33-4E6E-9194-6CDDF29DD48A}.Release|Any CPU.ActiveCfg = Release|Any CPU
		{7F4F409C-6C33-4E6E-9194-6CDDF29DD48A}.Release|Any CPU.Build.0 = Release|Any CPU
		{7F4F409C-6C33-4E6E-9194-6CDDF29DD48A}.Release|x64.ActiveCfg = Release|x64
		{7F4F409C-6C33-4E6E-9194-6CDDF29DD48A}.Release|x64.Build.0 = Release|x64
		{7F4F409C-6C33-4E6E-9194-6CDDF29DD48A}.Release|x86.ActiveCfg = Release|x86
		{7F4F409C-6C33-4E6E-9194-6CDDF29DD48A}.Release|x86.Build.0 = Release|x86
	EndGlobalSection
	GlobalSection(SolutionProperties) = preSolution
		HideSolutionNode = FALSE
	EndGlobalSection
	GlobalSection(NestedProjects) = preSolution
		{7F4F409C-6C33-4E6E-9194-6CDDF29DD48A} = {599448E5-ED3D-44C2-93DA-46650CE8B1CC}
	EndGlobalSection
EndGlobal
